
Microsoft Visual Studio Solution File, Format Version 12.00
# Visual Studio Version 16
VisualStudioVersion = 16.0.29209.152
MinimumVisualStudioVersion = 10.0.40219.1
Project("{8BC9CEB8-8B4A-11D0-8D11-00A0C91BC942}") = "Glorious Model O RGB Control", "Glorious Model O RGB Control\Glorious Model O RGB Control.vcxproj", "{3F7918E7-429F-44F9-B783-2CE299E2D016}"
EndProject
Global
	GlobalSection(SolutionConfigurationPlatforms) = preSolution
		Debug|x64 = Debug|x64
		Debug|x86 = Debug|x86
		Release|x64 = Release|x64
		Release|x86 = Release|x86
	EndGlobalSection
	GlobalSection(ProjectConfigurationPlatforms) = postSolution
		{3F7918E7-429F-44F9-B783-2CE299E2D016}.Debug|x64.ActiveCfg = Debug|x64
		{3F7918E7-429F-44F9-B783-2CE299E2D016}.Debug|x64.Build.0 = Debug|x64
		{3F7918E7-429F-44F9-B783-2CE299E2D016}.Debug|x86.ActiveCfg = Debug|Win32
		{3F7918E7-429F-44F9-B783-2CE299E2D016}.Debug|x86.Build.0 = Debug|Win32
		{3F7918E7-429F-44F9-B783-2CE299E2D016}.Release|x64.ActiveCfg = Release|x64
		{3F7918E7-429F-44F9-B783-2CE299E2D016}.Release|x64.Build.0 = Release|x64
		{3F7918E7-429F-44F9-B783-2CE299E2D016}.Release|x86.ActiveCfg = Release|Win32
		{3F7918E7-429F-44F9-B783-2CE299E2D016}.Release|x86.Build.0 = Release|Win32
	EndGlobalSection
	GlobalSection(SolutionProperties) = preSolution
		HideSolutionNode = FALSE
	EndGlobalSection
	GlobalSection(ExtensibilityGlobals) = postSolution
		SolutionGuid = {A211E258-9BC0-48B7-8909-E3CC5D9B8ED4}
	EndGlobalSection
EndGlobal
